
Microsoft Visual Studio Solution File, Format Version 12.00
# Visual Studio Version 16
VisualStudioVersion = 16.0.29306.81
MinimumVisualStudioVersion = 10.0.40219.1
Project("{FAE04EC0-301F-11D3-BF4B-00C04F79EFBC}") = "BastaProductBackend", "BastaProductBackend\BastaProductBackend.csproj", "{350DB2EE-0907-4696-99B5-FC3059AA8B4F}"
EndProject
Global
	GlobalSection(SolutionConfigurationPlatforms) = preSolution
		Debug|Any CPU = Debug|Any CPU
		Release|Any CPU = Release|Any CPU
	EndGlobalSection
	GlobalSection(ProjectConfigurationPlatforms) = postSolution
		{350DB2EE-0907-4696-99B5-FC3059AA8B4F}.Debug|Any CPU.ActiveCfg = Debug|Any CPU
		{350DB2EE-0907-4696-99B5-FC3059AA8B4F}.Debug|Any CPU.Build.0 = Debug|Any CPU
		{350DB2EE-0907-4696-99B5-FC3059AA8B4F}.Release|Any CPU.ActiveCfg = Release|Any CPU
		{350DB2EE-0907-4696-99B5-FC3059AA8B4F}.Release|Any CPU.Build.0 = Release|Any CPU
	EndGlobalSection
	GlobalSection(SolutionProperties) = preSolution
		HideSolutionNode = FALSE
	EndGlobalSection
	GlobalSection(ExtensibilityGlobals) = postSolution
		SolutionGuid = {8AD018D7-6D90-413C-A522-512EF26DEE86}
	EndGlobalSection
EndGlobal
